{
  "name": "weixinleisure",
  "version": "1.0.0",
  "lockfileVersion": 1,
  "requires": true,
  "dependencies": {
    "@vant/weapp": {
      "version": "1.6.9",
      "resolved": "https://r.cnpmjs.org/@vant/weapp/download/@vant/weapp-1.6.9.tgz",
      "integrity": "sha1-9IQKYgffxRzUU025Ym9picfDVfQ="
    },
    "ccfirstcode": {
      "version": "1.0.0",
      "resolved": "https://registry.npmjs.org/ccfirstcode/-/ccfirstcode-1.0.0.tgz",
      "integrity": "sha512-VX8RrFePC9+mpXNgHOlRF98O0edlcE01Ox+IW0+Y1RPsXgxdSJDSTnAKJGM6aKYVjt9JSXNMmKDk/J8ok1N8dw==",
      "requires": {
        "vue": "^2.5.11"
      }
    },
    "vue": {
      "version": "2.6.14",
      "resolved": "https://registry.npmjs.org/vue/-/vue-2.6.14.tgz",
      "integrity": "sha512-x2284lgYvjOMj3Za7kqzRcUSxBboHqtgRE2zlos1qWaOye5yUmHn42LB1250NJBLRwEcdrB0JRwyPTEPhfQjiQ=="
    },
    "weui-miniprogram": {
      "version": "1.0.8",
      "resolved": "https://r.cnpmjs.org/weui-miniprogram/download/weui-miniprogram-1.0.8.tgz",
      "integrity": "sha1-55F8R6XX6VGzBpTZOdCi5eAFsnQ="
    }
  }
}
